// !$*UTF8*$!
{
	archiveVersion = 1;
	classes = {
	};
	objectVersion = 77;
	objects = {

/* Begin PBXBuildFile section */
		1A771929ED89318816572573 /* CoffeeJournalCore.framework in Embed Frameworks */ = {isa = PBXBuildFile; fileRef = E79D9D696793778849E26A2A /* CoffeeJournalCore.framework */; settings = {ATTRIBUTES = (CodeSignOnCopy, RemoveHeadersOnCopy, ); }; };
		1C654F162B853BF82F011301 /* BeanExplorerSession.swift in Sources */ = {isa = PBXBuildFile; fileRef = 88AF5DFDC530AB680D498F5C /* BeanExplorerSession.swift */; };
		246C6A8A6F4434D5003CD270 /* BeanExplorerScoringTests.swift in Sources */ = {isa = PBXBuildFile; fileRef = E138423FDB9840E15596526B /* BeanExplorerScoringTests.swift */; };
		2E8CF66938A130F02BB7A58E /* FlavorArtworkBackgroundCoordinator.swift in Sources */ = {isa = PBXBuildFile; fileRef = 95A6EB8BD0EDA0A804CCF927 /* FlavorArtworkBackgroundCoordinator.swift */; };
		2ED967C0EA84FB71FD44C0C0 /* CoffeeJournalCore.framework in Embed Frameworks */ = {isa = PBXBuildFile; fileRef = E79D9D696793778849E26A2A /* CoffeeJournalCore.framework */; settings = {ATTRIBUTES = (CodeSignOnCopy, RemoveHeadersOnCopy, ); }; };
		39664569A5E77DCC08ECBFFC /* BeanExplorerSessionTests.swift in Sources */ = {isa = PBXBuildFile; fileRef = 93BB470D2BF9E1DB96EF2865 /* BeanExplorerSessionTests.swift */; };
		3BFD17CD96333496B75D0E2F /* JournalView.swift in Sources */ = {isa = PBXBuildFile; fileRef = 59B473D256F72C6846449513 /* JournalView.swift */; };
		4525497F37A250486BE18776 /* FlavorArtworkGenerator.swift in Sources */ = {isa = PBXBuildFile; fileRef = E61B559DDD1BB4811A81CAF0 /* FlavorArtworkGenerator.swift */; };
		4845B0B0E7E5A2886ECD3C18 /* manifest.json in Resources */ = {isa = PBXBuildFile; fileRef = 827CD71C5A60AF95298DB254 /* manifest.json */; };
		4C59835C1CF30D4932B52E44 /* PersonalTasteProfile.swift in Sources */ = {isa = PBXBuildFile; fileRef = B8DC5096033EBBAA69ACFEE5 /* PersonalTasteProfile.swift */; };
		6765BE814F5551972EE01656 /* BeanExplorerGeneratedContract.swift in Sources */ = {isa = PBXBuildFile; fileRef = 0C9E99F54E7734C54CB5A424 /* BeanExplorerGeneratedContract.swift */; };
		6AD19C9F1E48E948B84F079B /* CoffeeJournalStore.swift in Sources */ = {isa = PBXBuildFile; fileRef = 2A85B3E331AC522746F2FAA6 /* CoffeeJournalStore.swift */; };
		725CB63194D514E7090F6D32 /* TasteInsights.swift in Sources */ = {isa = PBXBuildFile; fileRef = 0AC1FC6D5839278326905BCC /* TasteInsights.swift */; };
		78332B15C33DDEDE62B6DE0D /* BeanExplorerExtraction.swift in Sources */ = {isa = PBXBuildFile; fileRef = 19FBB60289F46855866D162D /* BeanExplorerExtraction.swift */; };
		7E84328F8BFD3A759F438A90 /* BeanExplorerExtractionContract.swift in Sources */ = {isa = PBXBuildFile; fileRef = AACEE583B525AD462A7ECB93 /* BeanExplorerExtractionContract.swift */; };
		8721416473F6A58AA3947C18 /* BeanExplorerView.swift in Sources */ = {isa = PBXBuildFile; fileRef = DFF24AD8709E604DE603D9D9 /* BeanExplorerView.swift */; };
		27984BEA1ACC407D81798711 /* CoffeeDescriptorNormalizer.swift in Sources */ = {isa = PBXBuildFile; fileRef = 607DDACB7DC0463BB9851532 /* CoffeeDescriptorNormalizer.swift */; };
		9135DF14CF6044BC1161E397 /* Models.swift in Sources */ = {isa = PBXBuildFile; fileRef = 733D90120682C6DDB93A8F77 /* Models.swift */; };
		94BD2C9AC025200EA2F5C64E /* BagPhotoScanner.swift in Sources */ = {isa = PBXBuildFile; fileRef = 6B92F6180AC390F19A8E032C /* BagPhotoScanner.swift */; };
		94BF4024C5B77D8BCF8699FB /* CoffeeJournalCore.framework in Frameworks */ = {isa = PBXBuildFile; fileRef = E79D9D696793778849E26A2A /* CoffeeJournalCore.framework */; };
		9F6FCA7A818F308CD7E8DE2E /* CoffeeJournalApp.swift in Sources */ = {isa = PBXBuildFile; fileRef = BDD85A1953754840B868C27C /* CoffeeJournalApp.swift */; };
		A4210475EDB7227834678EF1 /* BeanExplorerSessionPersistenceTests.swift in Sources */ = {isa = PBXBuildFile; fileRef = A5D7125370741C01EC1F009B /* BeanExplorerSessionPersistenceTests.swift */; };
		A4B51F377B8ECB14CA1022DC /* SampleData.swift in Sources */ = {isa = PBXBuildFile; fileRef = 005D53A8E210D637797E209D /* SampleData.swift */; };
		A53BD5634E7862C1EE6AD9E5 /* profile-parity-fixtures.json in Resources */ = {isa = PBXBuildFile; fileRef = 990D8C6D05AD3A905BD39591 /* profile-parity-fixtures.json */; };
		ABDED25F186FD14CF68AB8FE /* CoffeeJournalCoreTests.swift in Sources */ = {isa = PBXBuildFile; fileRef = 7EDB166C375F46DBD7DEF3A8 /* CoffeeJournalCoreTests.swift */; };
		B092399710FEDDB8A7790426 /* BeanExplorerProfileResourceTests.swift in Sources */ = {isa = PBXBuildFile; fileRef = 7D366FEACA799D9F1C3F0DBE /* BeanExplorerProfileResourceTests.swift */; };
		B7EE412D176B877FC5525763 /* BeanExplorerPersistence.swift in Sources */ = {isa = PBXBuildFile; fileRef = 43823121429BCF43F9701ED7 /* BeanExplorerPersistence.swift */; };
		CD0983AB0C9C8398D8ABE996 /* ArkSupport.swift in Sources */ = {isa = PBXBuildFile; fileRef = F7088610246FAC0012BEAD2A /* ArkSupport.swift */; };
		D509C23F94FB510DD1D0354A /* BagPhotoScannerTests.swift in Sources */ = {isa = PBXBuildFile; fileRef = 6E8B1D26885E2CD34475568C /* BagPhotoScannerTests.swift */; };
		D15C0A4N10601SRC01 /* DiscoverScanLog.swift in Sources */ = {isa = PBXBuildFile; fileRef = D15C0A4N10601SRC02 /* DiscoverScanLog.swift */; };
		EFD2D5D8D44B98309A571DD7 /* TasteView.swift in Sources */ = {isa = PBXBuildFile; fileRef = 87171CD88E94F2FD1D8B6EE0 /* TasteView.swift */; };
		F0F7F6726A4FA016C215DFED /* profile-prior.json in Resources */ = {isa = PBXBuildFile; fileRef = E0B0D1D8BA82E2619F6466BD /* profile-prior.json */; };
		F5F397B61BCE9031F7905C45 /* BeanExplorerScoring.swift in Sources */ = {isa = PBXBuildFile; fileRef = C406BA5EED8E9D241C027BF3 /* BeanExplorerScoring.swift */; };
		F7676B67938894F4F2E42F18 /* BeansView.swift in Sources */ = {isa = PBXBuildFile; fileRef = 6636D643B05C92D53B399038 /* BeansView.swift */; };
		F98E57F4A1D21B4512179BED /* BagPhotoLibrary.swift in Sources */ = {isa = PBXBuildFile; fileRef = 264DF502E7CE6ADF61FC929C /* BagPhotoLibrary.swift */; };
		FC25AB7551275323E9089B00 /* Assets.xcassets in Resources */ = {isa = PBXBuildFile; fileRef = 3495166DECA9E130727E554F /* Assets.xcassets */; };
		FD05B62F4482EEC41CD68761 /* BeanExplorerProfileResource.swift in Sources */ = {isa = PBXBuildFile; fileRef = CCE602F5F55B2FB8CC287ECE /* BeanExplorerProfileResource.swift */; };
/* End PBXBuildFile section */

/* Begin PBXContainerItemProxy section */
		57E45223F9EDACB5366E5D85 /* PBXContainerItemProxy */ = {
			isa = PBXContainerItemProxy;
			containerPortal = A0EF2DDF987EDDA1E14C6297 /* Project object */;
			proxyType = 1;
			remoteGlobalIDString = AC8FF142B9DD04EDE7F30757;
			remoteInfo = CoffeeJournalCore;
		};
		CDDBE9018DEDFE4D56DECE1F /* PBXContainerItemProxy */ = {
			isa = PBXContainerItemProxy;
			containerPortal = A0EF2DDF987EDDA1E14C6297 /* Project object */;
			proxyType = 1;
			remoteGlobalIDString = 6E877B1117CB20298A9251D8;
			remoteInfo = CoffeeJournalApp;
		};
		FA2C6BFD523A5DAE8DCEAC8D /* PBXContainerItemProxy */ = {
			isa = PBXContainerItemProxy;
			containerPortal = A0EF2DDF987EDDA1E14C6297 /* Project object */;
			proxyType = 1;
			remoteGlobalIDString = AC8FF142B9DD04EDE7F30757;
			remoteInfo = CoffeeJournalCore;
		};
/* End PBXContainerItemProxy section */

/* Begin PBXCopyFilesBuildPhase section */
		747FE17BB91E7253547945B7 /* Embed Frameworks */ = {
			isa = PBXCopyFilesBuildPhase;
			buildActionMask = 2147483647;
			dstPath = "";
			dstSubfolderSpec = 10;
			files = (
				1A771929ED89318816572573 /* CoffeeJournalCore.framework in Embed Frameworks */,
			);
			name = "Embed Frameworks";
			runOnlyForDeploymentPostprocessing = 0;
		};
		E51C45DDD70FA4CD5E3AFEEF /* Embed Frameworks */ = {
			isa = PBXCopyFilesBuildPhase;
			buildActionMask = 2147483647;
			dstPath = "";
			dstSubfolderSpec = 10;
			files = (
				2ED967C0EA84FB71FD44C0C0 /* CoffeeJournalCore.framework in Embed Frameworks */,
			);
			name = "Embed Frameworks";
			runOnlyForDeploymentPostprocessing = 0;
		};
/* End PBXCopyFilesBuildPhase section */

/* Begin PBXFileReference section */
		005D53A8E210D637797E209D /* SampleData.swift */ = {isa = PBXFileReference; lastKnownFileType = sourcecode.swift; path = SampleData.swift; sourceTree = "<group>"; };
		00CF45BFBC1A5CD3D22B8005 /* CoffeeJournalApp.app */ = {isa = PBXFileReference; includeInIndex = 0; lastKnownFileType = wrapper.application; path = CoffeeJournalApp.app; sourceTree = BUILT_PRODUCTS_DIR; };
		0AC1FC6D5839278326905BCC /* TasteInsights.swift */ = {isa = PBXFileReference; lastKnownFileType = sourcecode.swift; path = TasteInsights.swift; sourceTree = "<group>"; };
		0C9E99F54E7734C54CB5A424 /* BeanExplorerGeneratedContract.swift */ = {isa = PBXFileReference; lastKnownFileType = sourcecode.swift; path = BeanExplorerGeneratedContract.swift; sourceTree = "<group>"; };
		19FBB60289F46855866D162D /* BeanExplorerExtraction.swift */ = {isa = PBXFileReference; lastKnownFileType = sourcecode.swift; path = BeanExplorerExtraction.swift; sourceTree = "<group>"; };
		264DF502E7CE6ADF61FC929C /* BagPhotoLibrary.swift */ = {isa = PBXFileReference; lastKnownFileType = sourcecode.swift; path = BagPhotoLibrary.swift; sourceTree = "<group>"; };
		2A85B3E331AC522746F2FAA6 /* CoffeeJournalStore.swift */ = {isa = PBXFileReference; lastKnownFileType = sourcecode.swift; path = CoffeeJournalStore.swift; sourceTree = "<group>"; };
		3495166DECA9E130727E554F /* Assets.xcassets */ = {isa = PBXFileReference; lastKnownFileType = folder.assetcatalog; path = Assets.xcassets; sourceTree = "<group>"; };
		43823121429BCF43F9701ED7 /* BeanExplorerPersistence.swift */ = {isa = PBXFileReference; lastKnownFileType = sourcecode.swift; path = BeanExplorerPersistence.swift; sourceTree = "<group>"; };
		59B473D256F72C6846449513 /* JournalView.swift */ = {isa = PBXFileReference; lastKnownFileType = sourcecode.swift; path = JournalView.swift; sourceTree = "<group>"; };
		6636D643B05C92D53B399038 /* BeansView.swift */ = {isa = PBXFileReference; lastKnownFileType = sourcecode.swift; path = BeansView.swift; sourceTree = "<group>"; };
		676CE3779DC28DDAB09CCF6F /* CoffeeJournalAppTests.xctest */ = {isa = PBXFileReference; includeInIndex = 0; lastKnownFileType = wrapper.cfbundle; path = CoffeeJournalAppTests.xctest; sourceTree = BUILT_PRODUCTS_DIR; };
		6B92F6180AC390F19A8E032C /* BagPhotoScanner.swift */ = {isa = PBXFileReference; lastKnownFileType = sourcecode.swift; path = BagPhotoScanner.swift; sourceTree = "<group>"; };
		6E8B1D26885E2CD34475568C /* BagPhotoScannerTests.swift */ = {isa = PBXFileReference; lastKnownFileType = sourcecode.swift; path = BagPhotoScannerTests.swift; sourceTree = "<group>"; };
		733D90120682C6DDB93A8F77 /* Models.swift */ = {isa = PBXFileReference; lastKnownFileType = sourcecode.swift; path = Models.swift; sourceTree = "<group>"; };
		7D366FEACA799D9F1C3F0DBE /* BeanExplorerProfileResourceTests.swift */ = {isa = PBXFileReference; lastKnownFileType = sourcecode.swift; path = BeanExplorerProfileResourceTests.swift; sourceTree = "<group>"; };
		7EDB166C375F46DBD7DEF3A8 /* CoffeeJournalCoreTests.swift */ = {isa = PBXFileReference; lastKnownFileType = sourcecode.swift; path = CoffeeJournalCoreTests.swift; sourceTree = "<group>"; };
		827CD71C5A60AF95298DB254 /* manifest.json */ = {isa = PBXFileReference; lastKnownFileType = text.json; path = manifest.json; sourceTree = "<group>"; };
		87171CD88E94F2FD1D8B6EE0 /* TasteView.swift */ = {isa = PBXFileReference; lastKnownFileType = sourcecode.swift; path = TasteView.swift; sourceTree = "<group>"; };
		88AF5DFDC530AB680D498F5C /* BeanExplorerSession.swift */ = {isa = PBXFileReference; lastKnownFileType = sourcecode.swift; path = BeanExplorerSession.swift; sourceTree = "<group>"; };
		93BB470D2BF9E1DB96EF2865 /* BeanExplorerSessionTests.swift */ = {isa = PBXFileReference; lastKnownFileType = sourcecode.swift; path = BeanExplorerSessionTests.swift; sourceTree = "<group>"; };
		95A6EB8BD0EDA0A804CCF927 /* FlavorArtworkBackgroundCoordinator.swift */ = {isa = PBXFileReference; lastKnownFileType = sourcecode.swift; path = FlavorArtworkBackgroundCoordinator.swift; sourceTree = "<group>"; };
		990D8C6D05AD3A905BD39591 /* profile-parity-fixtures.json */ = {isa = PBXFileReference; lastKnownFileType = text.json; path = "profile-parity-fixtures.json"; sourceTree = "<group>"; };
		A5D7125370741C01EC1F009B /* BeanExplorerSessionPersistenceTests.swift */ = {isa = PBXFileReference; lastKnownFileType = sourcecode.swift; path = BeanExplorerSessionPersistenceTests.swift; sourceTree = "<group>"; };
		AACEE583B525AD462A7ECB93 /* BeanExplorerExtractionContract.swift */ = {isa = PBXFileReference; lastKnownFileType = sourcecode.swift; path = BeanExplorerExtractionContract.swift; sourceTree = "<group>"; };
		B8DC5096033EBBAA69ACFEE5 /* PersonalTasteProfile.swift */ = {isa = PBXFileReference; lastKnownFileType = sourcecode.swift; path = PersonalTasteProfile.swift; sourceTree = "<group>"; };
		BDD85A1953754840B868C27C /* CoffeeJournalApp.swift */ = {isa = PBXFileReference; lastKnownFileType = sourcecode.swift; path = CoffeeJournalApp.swift; sourceTree = "<group>"; };
		BFD61E103F07D9B048CD02ED /* CoffeeJournalCoreTests.xctest */ = {isa = PBXFileReference; includeInIndex = 0; lastKnownFileType = wrapper.cfbundle; path = CoffeeJournalCoreTests.xctest; sourceTree = BUILT_PRODUCTS_DIR; };
		C406BA5EED8E9D241C027BF3 /* BeanExplorerScoring.swift */ = {isa = PBXFileReference; lastKnownFileType = sourcecode.swift; path = BeanExplorerScoring.swift; sourceTree = "<group>"; };
		CCE602F5F55B2FB8CC287ECE /* BeanExplorerProfileResource.swift */ = {isa = PBXFileReference; lastKnownFileType = sourcecode.swift; path = BeanExplorerProfileResource.swift; sourceTree = "<group>"; };
		D15C0A4N10601SRC02 /* DiscoverScanLog.swift */ = {isa = PBXFileReference; lastKnownFileType = sourcecode.swift; path = DiscoverScanLog.swift; sourceTree = "<group>"; };
		607DDACB7DC0463BB9851532 /* CoffeeDescriptorNormalizer.swift */ = {isa = PBXFileReference; lastKnownFileType = sourcecode.swift; path = CoffeeDescriptorNormalizer.swift; sourceTree = "<group>"; };
		E0B0D1D8BA82E2619F6466BD /* profile-prior.json */ = {isa = PBXFileReference; lastKnownFileType = text.json; path = "profile-prior.json"; sourceTree = "<group>"; };
		E138423FDB9840E15596526B /* BeanExplorerScoringTests.swift */ = {isa = PBXFileReference; lastKnownFileType = sourcecode.swift; path = BeanExplorerScoringTests.swift; sourceTree = "<group>"; };
		E61B559DDD1BB4811A81CAF0 /* FlavorArtworkGenerator.swift */ = {isa = PBXFileReference; lastKnownFileType = sourcecode.swift; path = FlavorArtworkGenerator.swift; sourceTree = "<group>"; };
		E79D9D696793778849E26A2A /* CoffeeJournalCore.framework */ = {isa = PBXFileReference; explicitFileType = wrapper.framework; includeInIndex = 0; path = CoffeeJournalCore.framework; sourceTree = BUILT_PRODUCTS_DIR; };
		F7088610246FAC0012BEAD2A /* ArkSupport.swift */ = {isa = PBXFileReference; lastKnownFileType = sourcecode.swift; path = ArkSupport.swift; sourceTree = "<group>"; };
/* End PBXFileReference section */

/* Begin PBXFrameworksBuildPhase section */
		1ACDDA091228076F732D69C2 /* Frameworks */ = {
			isa = PBXFrameworksBuildPhase;
			buildActionMask = 2147483647;
			files = (
				94BF4024C5B77D8BCF8699FB /* CoffeeJournalCore.framework in Frameworks */,
			);
			runOnlyForDeploymentPostprocessing = 0;
		};
		E7AB632CAD2B022A387CF032 /* Frameworks */ = {
			isa = PBXFrameworksBuildPhase;
			buildActionMask = 2147483647;
			files = (
				DCFE8FB1348B2F795FE9A791 /* CoffeeJournalCore.framework in Frameworks */,
			);
			runOnlyForDeploymentPostprocessing = 0;
		};
/* End PBXFrameworksBuildPhase section */

/* Begin PBXGroup section */
		4C9572CA00CB0B70A1E2FD23 = {
			isa = PBXGroup;
			children = (
				CAFA3F42FB54DC880615D70E /* CoffeeJournalApp */,
				B71EEFC527006F090C7D039D /* CoffeeJournalAppTests */,
				5A7384ACB6B47F1F4A70513C /* CoffeeJournalCore */,
				B3D7B6A0A8DFD1703FFA5E96 /* CoffeeJournalCoreTests */,
				FB999D5F1A3B10DC52407653 /* Products */,
			);
			sourceTree = "<group>";
		};
		5A7384ACB6B47F1F4A70513C /* CoffeeJournalCore */ = {
			isa = PBXGroup;
			children = (
				19FBB60289F46855866D162D /* BeanExplorerExtraction.swift */,
				AACEE583B525AD462A7ECB93 /* BeanExplorerExtractionContract.swift */,
				C406BA5EED8E9D241C027BF3 /* BeanExplorerScoring.swift */,
				88AF5DFDC530AB680D498F5C /* BeanExplorerSession.swift */,
				2A85B3E331AC522746F2FAA6 /* CoffeeJournalStore.swift */,
				733D90120682C6DDB93A8F77 /* Models.swift */,
				005D53A8E210D637797E209D /* SampleData.swift */,
				0AC1FC6D5839278326905BCC /* TasteInsights.swift */,
			);
			name = CoffeeJournalCore;
			path = Sources/CoffeeJournalCore;
			sourceTree = "<group>";
		};
		5F7207612AB9ACFC859231EB /* Resources */ = {
			isa = PBXGroup;
			children = (
				6DEEC913FC40E64F696CD864 /* TasteProfile */,
				3495166DECA9E130727E554F /* Assets.xcassets */,
			);
			path = Resources;
			sourceTree = "<group>";
		};
		6DEEC913FC40E64F696CD864 /* TasteProfile */ = {
			isa = PBXGroup;
			children = (
				827CD71C5A60AF95298DB254 /* manifest.json */,
				990D8C6D05AD3A905BD39591 /* profile-parity-fixtures.json */,
				E0B0D1D8BA82E2619F6466BD /* profile-prior.json */,
			);
			path = TasteProfile;
			sourceTree = "<group>";
		};
		B3D7B6A0A8DFD1703FFA5E96 /* CoffeeJournalCoreTests */ = {
			isa = PBXGroup;
			children = (
				E138423FDB9840E15596526B /* BeanExplorerScoringTests.swift */,
				A5D7125370741C01EC1F009B /* BeanExplorerSessionPersistenceTests.swift */,
				93BB470D2BF9E1DB96EF2865 /* BeanExplorerSessionTests.swift */,
				7EDB166C375F46DBD7DEF3A8 /* CoffeeJournalCoreTests.swift */,
			);
			name = CoffeeJournalCoreTests;
			path = Tests/CoffeeJournalCoreTests;
			sourceTree = "<group>";
		};
		B71EEFC527006F090C7D039D /* CoffeeJournalAppTests */ = {
			isa = PBXGroup;
			children = (
				6E8B1D26885E2CD34475568C /* BagPhotoScannerTests.swift */,
				7D366FEACA799D9F1C3F0DBE /* BeanExplorerProfileResourceTests.swift */,
			);
			name = CoffeeJournalAppTests;
			path = Tests/CoffeeJournalAppTests;
			sourceTree = "<group>";
		};
		CAFA3F42FB54DC880615D70E /* CoffeeJournalApp */ = {
			isa = PBXGroup;
			children = (
				5F7207612AB9ACFC859231EB /* Resources */,
				F7088610246FAC0012BEAD2A /* ArkSupport.swift */,
				264DF502E7CE6ADF61FC929C /* BagPhotoLibrary.swift */,
				6B92F6180AC390F19A8E032C /* BagPhotoScanner.swift */,
				0C9E99F54E7734C54CB5A424 /* BeanExplorerGeneratedContract.swift */,
				43823121429BCF43F9701ED7 /* BeanExplorerPersistence.swift */,
				CCE602F5F55B2FB8CC287ECE /* BeanExplorerProfileResource.swift */,
				D15C0A4N10601SRC02 /* DiscoverScanLog.swift */,
				DFF24AD8709E604DE603D9D9 /* BeanExplorerView.swift */,
				607DDACB7DC0463BB9851532 /* CoffeeDescriptorNormalizer.swift */,
				6636D643B05C92D53B399038 /* BeansView.swift */,
				BDD85A1953754840B868C27C /* CoffeeJournalApp.swift */,
				95A6EB8BD0EDA0A804CCF927 /* FlavorArtworkBackgroundCoordinator.swift */,
				E61B559DDD1BB4811A81CAF0 /* FlavorArtworkGenerator.swift */,
				59B473D256F72C6846449513 /* JournalView.swift */,
				B8DC5096033EBBAA69ACFEE5 /* PersonalTasteProfile.swift */,
				87171CD88E94F2FD1D8B6EE0 /* TasteView.swift */,
			);
			name = CoffeeJournalApp;
			path = Sources/CoffeeJournalApp;
			sourceTree = "<group>";
		};
		FB999D5F1A3B10DC52407653 /* Products */ = {
			isa = PBXGroup;
			children = (
				00CF45BFBC1A5CD3D22B8005 /* CoffeeJournalApp.app */,
				676CE3779DC28DDAB09CCF6F /* CoffeeJournalAppTests.xctest */,
				E79D9D696793778849E26A2A /* CoffeeJournalCore.framework */,
				BFD61E103F07D9B048CD02ED /* CoffeeJournalCoreTests.xctest */,
			);
			name = Products;
			sourceTree = "<group>";
		};
/* End PBXGroup section */

/* Begin PBXNativeTarget section */
		30477AA26AC874F83241F118 /* CoffeeJournalAppTests */ = {
			isa = PBXNativeTarget;
			buildConfigurationList = 8BDA89BC8DDF4079484945B8 /* Build configuration list for PBXNativeTarget "CoffeeJournalAppTests" */;
			buildPhases = (
				46B5710575086870F5CB7B56 /* Sources */,
			);
			buildRules = (
			);
			dependencies = (
				091BAC0D596AA5103782B1B0 /* PBXTargetDependency */,
			);
			name = CoffeeJournalAppTests;
			packageProductDependencies = (
			);
			productName = CoffeeJournalAppTests;
			productReference = 676CE3779DC28DDAB09CCF6F /* CoffeeJournalAppTests.xctest */;
			productType = "com.apple.product-type.bundle.unit-test";
		};
		44B3B166A3F728475EC5D2D0 /* CoffeeJournalCoreTests */ = {
			isa = PBXNativeTarget;
			buildConfigurationList = 7DE52303B7A7C90430FEF257 /* Build configuration list for PBXNativeTarget "CoffeeJournalCoreTests" */;
			buildPhases = (
				D9670A608F0AB38C23F2C02D /* Sources */,
				1ACDDA091228076F732D69C2 /* Frameworks */,
				747FE17BB91E7253547945B7 /* Embed Frameworks */,
			);
			buildRules = (
			);
			dependencies = (
				91806DF7F6A400B22ACED6DF /* PBXTargetDependency */,
			);
			name = CoffeeJournalCoreTests;
			packageProductDependencies = (
			);
			productName = CoffeeJournalCoreTests;
			productReference = BFD61E103F07D9B048CD02ED /* CoffeeJournalCoreTests.xctest */;
			productType = "com.apple.product-type.bundle.unit-test";
		};
		6E877B1117CB20298A9251D8 /* CoffeeJournalApp */ = {
			isa = PBXNativeTarget;
			buildConfigurationList = 711AA95706DAEC0D04684207 /* Build configuration list for PBXNativeTarget "CoffeeJournalApp" */;
			buildPhases = (
				7B5AD451C68D3613608D649A /* Sources */,
				98B373D5152D83E53ECFA13C /* Resources */,
				E7AB632CAD2B022A387CF032 /* Frameworks */,
				E51C45DDD70FA4CD5E3AFEEF /* Embed Frameworks */,
			);
			buildRules = (
			);
			dependencies = (
				08E3F59883CF0402F2543780 /* PBXTargetDependency */,
			);
			name = CoffeeJournalApp;
			packageProductDependencies = (
			);
			productName = CoffeeJournalApp;
			productReference = 00CF45BFBC1A5CD3D22B8005 /* CoffeeJournalApp.app */;
			productType = "com.apple.product-type.application";
		};
		AC8FF142B9DD04EDE7F30757 /* CoffeeJournalCore */ = {
			isa = PBXNativeTarget;
			buildConfigurationList = C89BBE05BAE0646C10446322 /* Build configuration list for PBXNativeTarget "CoffeeJournalCore" */;
			buildPhases = (
				14049581625044CC687E801A /* Sources */,
			);
			buildRules = (
			);
			dependencies = (
			);
			name = CoffeeJournalCore;
			packageProductDependencies = (
			);
			productName = CoffeeJournalCore;
			productReference = E79D9D696793778849E26A2A /* CoffeeJournalCore.framework */;
			productType = "com.apple.product-type.framework";
		};
/* End PBXNativeTarget section */

/* Begin PBXProject section */
		A0EF2DDF987EDDA1E14C6297 /* Project object */ = {
			isa = PBXProject;
			attributes = {
				BuildIndependentTargetsInParallel = YES;
				LastUpgradeCheck = 1430;
				TargetAttributes = {
					30477AA26AC874F83241F118 = {
						DevelopmentTeam = R57F7J777H;
						ProvisioningStyle = Automatic;
					};
					44B3B166A3F728475EC5D2D0 = {
						DevelopmentTeam = R57F7J777H;
						ProvisioningStyle = Automatic;
					};
					6E877B1117CB20298A9251D8 = {
						DevelopmentTeam = R57F7J777H;
						ProvisioningStyle = Automatic;
					};
					AC8FF142B9DD04EDE7F30757 = {
						DevelopmentTeam = R57F7J777H;
						ProvisioningStyle = Automatic;
					};
				};
			};
			buildConfigurationList = 61985AE7F2FBEEF5C0B998A4 /* Build configuration list for PBXProject "CoffeeTasteJournal" */;
			developmentRegion = en;
			hasScannedForEncodings = 0;
			knownRegions = (
				Base,
				en,
			);
			mainGroup = 4C9572CA00CB0B70A1E2FD23;
			minimizedProjectReferenceProxies = 1;
			preferredProjectObjectVersion = 77;
			productRefGroup = FB999D5F1A3B10DC52407653 /* Products */;
			projectDirPath = "";
			projectRoot = "";
			targets = (
				6E877B1117CB20298A9251D8 /* CoffeeJournalApp */,
				30477AA26AC874F83241F118 /* CoffeeJournalAppTests */,
				AC8FF142B9DD04EDE7F30757 /* CoffeeJournalCore */,
				44B3B166A3F728475EC5D2D0 /* CoffeeJournalCoreTests */,
			);
		};
/* End PBXProject section */

/* Begin PBXResourcesBuildPhase section */
		98B373D5152D83E53ECFA13C /* Resources */ = {
			isa = PBXResourcesBuildPhase;
			buildActionMask = 2147483647;
			files = (
				FC25AB7551275323E9089B00 /* Assets.xcassets in Resources */,
				4845B0B0E7E5A2886ECD3C18 /* manifest.json in Resources */,
				A53BD5634E7862C1EE6AD9E5 /* profile-parity-fixtures.json in Resources */,
				F0F7F6726A4FA016C215DFED /* profile-prior.json in Resources */,
			);
			runOnlyForDeploymentPostprocessing = 0;
		};
/* End PBXResourcesBuildPhase section */

/* Begin PBXSourcesBuildPhase section */
		14049581625044CC687E801A /* Sources */ = {
			isa = PBXSourcesBuildPhase;
			buildActionMask = 2147483647;
			files = (
				78332B15C33DDEDE62B6DE0D /* BeanExplorerExtraction.swift in Sources */,
				7E84328F8BFD3A759F438A90 /* BeanExplorerExtractionContract.swift in Sources */,
				F5F397B61BCE9031F7905C45 /* BeanExplorerScoring.swift in Sources */,
				1C654F162B853BF82F011301 /* BeanExplorerSession.swift in Sources */,
				6AD19C9F1E48E948B84F079B /* CoffeeJournalStore.swift in Sources */,
				9135DF14CF6044BC1161E397 /* Models.swift in Sources */,
				A4B51F377B8ECB14CA1022DC /* SampleData.swift in Sources */,
				725CB63194D514E7090F6D32 /* TasteInsights.swift in Sources */,
			);
			runOnlyForDeploymentPostprocessing = 0;
		};
		46B5710575086870F5CB7B56 /* Sources */ = {
			isa = PBXSourcesBuildPhase;
			buildActionMask = 2147483647;
			files = (
				D509C23F94FB510DD1D0354A /* BagPhotoScannerTests.swift in Sources */,
				B092399710FEDDB8A7790426 /* BeanExplorerProfileResourceTests.swift in Sources */,
			);
			runOnlyForDeploymentPostprocessing = 0;
		};
		7B5AD451C68D3613608D649A /* Sources */ = {
			isa = PBXSourcesBuildPhase;
			buildActionMask = 2147483647;
			files = (
				CD0983AB0C9C8398D8ABE996 /* ArkSupport.swift in Sources */,
				F98E57F4A1D21B4512179BED /* BagPhotoLibrary.swift in Sources */,
				94BD2C9AC025200EA2F5C64E /* BagPhotoScanner.swift in Sources */,
				6765BE814F5551972EE01656 /* BeanExplorerGeneratedContract.swift in Sources */,
				B7EE412D176B877FC5525763 /* BeanExplorerPersistence.swift in Sources */,
				FD05B62F4482EEC41CD68761 /* BeanExplorerProfileResource.swift in Sources */,
				D15C0A4N10601SRC01 /* DiscoverScanLog.swift in Sources */,
				8721416473F6A58AA3947C18 /* BeanExplorerView.swift in Sources */,
				27984BEA1ACC407D81798711 /* CoffeeDescriptorNormalizer.swift in Sources */,
				F7676B67938894F4F2E42F18 /* BeansView.swift in Sources */,
				9F6FCA7A818F308CD7E8DE2E /* CoffeeJournalApp.swift in Sources */,
				2E8CF66938A130F02BB7A58E /* FlavorArtworkBackgroundCoordinator.swift in Sources */,
				4525497F37A250486BE18776 /* FlavorArtworkGenerator.swift in Sources */,
				3BFD17CD96333496B75D0E2F /* JournalView.swift in Sources */,
				4C59835C1CF30D4932B52E44 /* PersonalTasteProfile.swift in Sources */,
				EFD2D5D8D44B98309A571DD7 /* TasteView.swift in Sources */,
			);
			runOnlyForDeploymentPostprocessing = 0;
		};
		D9670A608F0AB38C23F2C02D /* Sources */ = {
			isa = PBXSourcesBuildPhase;
			buildActionMask = 2147483647;
			files = (
				246C6A8A6F4434D5003CD270 /* BeanExplorerScoringTests.swift in Sources */,
				A4210475EDB7227834678EF1 /* BeanExplorerSessionPersistenceTests.swift in Sources */,
				39664569A5E77DCC08ECBFFC /* BeanExplorerSessionTests.swift in Sources */,
				ABDED25F186FD14CF68AB8FE /* CoffeeJournalCoreTests.swift in Sources */,
			);
			runOnlyForDeploymentPostprocessing = 0;
		};
/* End PBXSourcesBuildPhase section */

/* Begin PBXTargetDependency section */
		08E3F59883CF0402F2543780 /* PBXTargetDependency */ = {
			isa = PBXTargetDependency;
			target = AC8FF142B9DD04EDE7F30757 /* CoffeeJournalCore */;
			targetProxy = FA2C6BFD523A5DAE8DCEAC8D /* PBXContainerItemProxy */;
		};
		091BAC0D596AA5103782B1B0 /* PBXTargetDependency */ = {
			isa = PBXTargetDependency;
			target = 6E877B1117CB20298A9251D8 /* CoffeeJournalApp */;
			targetProxy = CDDBE9018DEDFE4D56DECE1F /* PBXContainerItemProxy */;
		};
		91806DF7F6A400B22ACED6DF /* PBXTargetDependency */ = {
			isa = PBXTargetDependency;
			target = AC8FF142B9DD04EDE7F30757 /* CoffeeJournalCore */;
			targetProxy = 57E45223F9EDACB5366E5D85 /* PBXContainerItemProxy */;
		};
/* End PBXTargetDependency section */

/* Begin XCBuildConfiguration section */
		03661F23607CD582E7D7E355 /* Release */ = {
			isa = XCBuildConfiguration;
			buildSettings = {
				BUNDLE_LOADER = "$(TEST_HOST)";
				LD_RUNPATH_SEARCH_PATHS = (
					"$(inherited)",
					"@executable_path/Frameworks",
					"@loader_path/Frameworks",
				);
				PRODUCT_BUNDLE_IDENTIFIER = com.dengos.CoffeeJournalAppTests;
				SDKROOT = iphoneos;
				TARGETED_DEVICE_FAMILY = "1,2";
				TEST_HOST = "$(BUILT_PRODUCTS_DIR)/Coffee Journal.app/Coffee Journal";
			};
			name = Release;
		};
		34C689E96AE56A2DDE8F81A3 /* Release */ = {
			isa = XCBuildConfiguration;
			buildSettings = {
				BUNDLE_LOADER = "$(TEST_HOST)";
				LD_RUNPATH_SEARCH_PATHS = (
					"$(inherited)",
					"@executable_path/Frameworks",
					"@loader_path/Frameworks",
				);
				PRODUCT_BUNDLE_IDENTIFIER = com.dengos.CoffeeJournalCoreTests;
				SDKROOT = iphoneos;
				TARGETED_DEVICE_FAMILY = "1,2";
			};
			name = Release;
		};
		351436869A52B58B29E3C948 /* Debug */ = {
			isa = XCBuildConfiguration;
			buildSettings = {
				BUNDLE_LOADER = "$(TEST_HOST)";
				LD_RUNPATH_SEARCH_PATHS = (
					"$(inherited)",
					"@executable_path/Frameworks",
					"@loader_path/Frameworks",
				);
				PRODUCT_BUNDLE_IDENTIFIER = com.dengos.CoffeeJournalAppTests;
				SDKROOT = iphoneos;
				TARGETED_DEVICE_FAMILY = "1,2";
				TEST_HOST = "$(BUILT_PRODUCTS_DIR)/Coffee Journal.app/Coffee Journal";
			};
			name = Debug;
		};
		5BB8D5AEE43AF1E78FE35869 /* Debug */ = {
			isa = XCBuildConfiguration;
			buildSettings = {
				ASSETCATALOG_COMPILER_APPICON_NAME = AppIcon;
				ASSETCATALOG_COMPILER_GLOBAL_ACCENT_COLOR_NAME = AccentColor;
				CODE_SIGN_IDENTITY = "iPhone Developer";
				GENERATE_INFOPLIST_FILE = NO;
				INFOPLIST_FILE = "Configuration/CoffeeJournalApp-Info.plist";
				INFOPLIST_KEY_CFBundleDisplayName = "Coffee Journal";
				INFOPLIST_KEY_LSRequiresIPhoneOS = YES;
				INFOPLIST_KEY_NSCameraUsageDescription = "Coffee Journal uses the camera to scan coffee bag labels and create editable bean drafts.";
				INFOPLIST_KEY_NSPhotoLibraryAddUsageDescription = "Coffee Journal saves captured bag photos to your library so bean pages can show the original package.";
				INFOPLIST_KEY_NSPhotoLibraryUsageDescription = "Coffee Journal uses selected library photos to scan coffee bag labels and create editable bean drafts.";
				INFOPLIST_KEY_UIApplicationSceneManifest_Generation = YES;
				INFOPLIST_KEY_UIApplicationSupportsIndirectInputEvents = YES;
				INFOPLIST_KEY_UILaunchScreen_Generation = YES;
				INFOPLIST_KEY_UISupportedInterfaceOrientations_iPhone = UIInterfaceOrientationPortrait;
				LD_RUNPATH_SEARCH_PATHS = (
					"$(inherited)",
					"@executable_path/Frameworks",
				);
				PRODUCT_BUNDLE_IDENTIFIER = com.dengos.CoffeeJournal;
				PRODUCT_NAME = "Coffee Journal";
				SDKROOT = iphoneos;
				TARGETED_DEVICE_FAMILY = 1;
			};
			name = Debug;
		};
		7A3C68433657DB6C76F8BC3C /* Release */ = {
			isa = XCBuildConfiguration;
			buildSettings = {
				CODE_SIGN_IDENTITY = "";
				CURRENT_PROJECT_VERSION = 1;
				DEFINES_MODULE = YES;
				DYLIB_COMPATIBILITY_VERSION = 1;
				DYLIB_CURRENT_VERSION = 1;
				DYLIB_INSTALL_NAME_BASE = "@rpath";
				INSTALL_PATH = "$(LOCAL_LIBRARY_DIR)/Frameworks";
				LD_RUNPATH_SEARCH_PATHS = (
					"$(inherited)",
					"@executable_path/Frameworks",
				);
				PRODUCT_BUNDLE_IDENTIFIER = com.dengos.CoffeeJournalCore;
				SDKROOT = iphoneos;
				SKIP_INSTALL = YES;
				TARGETED_DEVICE_FAMILY = "1,2";
				VERSIONING_SYSTEM = "apple-generic";
			};
			name = Release;
		};
		839F70B8D431EC3CFEF0F8CA /* Release */ = {
			isa = XCBuildConfiguration;
			buildSettings = {
				ALWAYS_SEARCH_USER_PATHS = NO;
				CLANG_ANALYZER_NONNULL = YES;
				CLANG_ANALYZER_NUMBER_OBJECT_CONVERSION = YES_AGGRESSIVE;
				CLANG_CXX_LANGUAGE_STANDARD = "gnu++14";
				CLANG_CXX_LIBRARY = "libc++";
				CLANG_ENABLE_MODULES = YES;
				CLANG_ENABLE_OBJC_ARC = YES;
				CLANG_ENABLE_OBJC_WEAK = YES;
				CLANG_WARN_BLOCK_CAPTURE_AUTORELEASING = YES;
				CLANG_WARN_BOOL_CONVERSION = YES;
				CLANG_WARN_COMMA = YES;
				CLANG_WARN_CONSTANT_CONVERSION = YES;
				CLANG_WARN_DEPRECATED_OBJC_IMPLEMENTATIONS = YES;
				CLANG_WARN_DIRECT_OBJC_ISA_USAGE = YES_ERROR;
				CLANG_WARN_DOCUMENTATION_COMMENTS = YES;
				CLANG_WARN_EMPTY_BODY = YES;
				CLANG_WARN_ENUM_CONVERSION = YES;
				CLANG_WARN_INFINITE_RECURSION = YES;
				CLANG_WARN_INT_CONVERSION = YES;
				CLANG_WARN_NON_LITERAL_NULL_CONVERSION = YES;
				CLANG_WARN_OBJC_IMPLICIT_RETAIN_SELF = YES;
				CLANG_WARN_OBJC_LITERAL_CONVERSION = YES;
				CLANG_WARN_OBJC_ROOT_CLASS = YES_ERROR;
				CLANG_WARN_QUOTED_INCLUDE_IN_FRAMEWORK_HEADER = YES;
				CLANG_WARN_RANGE_LOOP_ANALYSIS = YES;
				CLANG_WARN_STRICT_PROTOTYPES = YES;
				CLANG_WARN_SUSPICIOUS_MOVE = YES;
				CLANG_WARN_UNGUARDED_AVAILABILITY = YES_AGGRESSIVE;
				CLANG_WARN_UNREACHABLE_CODE = YES;
				CLANG_WARN__DUPLICATE_METHOD_MATCH = YES;
				CODE_SIGN_STYLE = Automatic;
				COPY_PHASE_STRIP = NO;
				CURRENT_PROJECT_VERSION = 1;
				DEBUG_INFORMATION_FORMAT = "dwarf-with-dsym";
				DEVELOPMENT_TEAM = R57F7J777H;
				ENABLE_NS_ASSERTIONS = NO;
				ENABLE_STRICT_OBJC_MSGSEND = YES;
				GCC_C_LANGUAGE_STANDARD = gnu11;
				GCC_NO_COMMON_BLOCKS = YES;
				GCC_WARN_64_TO_32_BIT_CONVERSION = YES;
				GCC_WARN_ABOUT_RETURN_TYPE = YES_ERROR;
				GCC_WARN_UNDECLARED_SELECTOR = YES;
				GCC_WARN_UNINITIALIZED_AUTOS = YES_AGGRESSIVE;
				GCC_WARN_UNUSED_FUNCTION = YES;
				GCC_WARN_UNUSED_VARIABLE = YES;
				GENERATE_INFOPLIST_FILE = YES;
				IPHONEOS_DEPLOYMENT_TARGET = 17.0;
				MARKETING_VERSION = 0.1.0;
				MTL_ENABLE_DEBUG_INFO = NO;
				MTL_FAST_MATH = YES;
				PRODUCT_NAME = "$(TARGET_NAME)";
				SDKROOT = iphoneos;
				SWIFT_COMPILATION_MODE = wholemodule;
				SWIFT_OPTIMIZATION_LEVEL = "-O";
				SWIFT_VERSION = 6.0;
			};
			name = Release;
		};
		8C3772ECEAB26507A6EA8AB9 /* Release */ = {
			isa = XCBuildConfiguration;
			buildSettings = {
				ASSETCATALOG_COMPILER_APPICON_NAME = AppIcon;
				ASSETCATALOG_COMPILER_GLOBAL_ACCENT_COLOR_NAME = AccentColor;
				CODE_SIGN_IDENTITY = "iPhone Developer";
				GENERATE_INFOPLIST_FILE = NO;
				INFOPLIST_FILE = "Configuration/CoffeeJournalApp-Info.plist";
				INFOPLIST_KEY_CFBundleDisplayName = "Coffee Journal";
				INFOPLIST_KEY_LSRequiresIPhoneOS = YES;
				INFOPLIST_KEY_NSCameraUsageDescription = "Coffee Journal uses the camera to scan coffee bag labels and create editable bean drafts.";
				INFOPLIST_KEY_NSPhotoLibraryAddUsageDescription = "Coffee Journal saves captured bag photos to your library so bean pages can show the original package.";
				INFOPLIST_KEY_NSPhotoLibraryUsageDescription = "Coffee Journal uses selected library photos to scan coffee bag labels and create editable bean drafts.";
				INFOPLIST_KEY_UIApplicationSceneManifest_Generation = YES;
				INFOPLIST_KEY_UIApplicationSupportsIndirectInputEvents = YES;
				INFOPLIST_KEY_UILaunchScreen_Generation = YES;
				INFOPLIST_KEY_UISupportedInterfaceOrientations_iPhone = UIInterfaceOrientationPortrait;
				LD_RUNPATH_SEARCH_PATHS = (
					"$(inherited)",
					"@executable_path/Frameworks",
				);
				PRODUCT_BUNDLE_IDENTIFIER = com.dengos.CoffeeJournal;
				PRODUCT_NAME = "Coffee Journal";
				SDKROOT = iphoneos;
				TARGETED_DEVICE_FAMILY = 1;
			};
			name = Release;
		};
		8C68E12BA734CD1901F21781 /* Debug */ = {
			isa = XCBuildConfiguration;
			buildSettings = {
				CODE_SIGN_IDENTITY = "";
				CURRENT_PROJECT_VERSION = 1;
				DEFINES_MODULE = YES;
				DYLIB_COMPATIBILITY_VERSION = 1;
				DYLIB_CURRENT_VERSION = 1;
				DYLIB_INSTALL_NAME_BASE = "@rpath";
				INSTALL_PATH = "$(LOCAL_LIBRARY_DIR)/Frameworks";
				LD_RUNPATH_SEARCH_PATHS = (
					"$(inherited)",
					"@executable_path/Frameworks",
				);
				PRODUCT_BUNDLE_IDENTIFIER = com.dengos.CoffeeJournalCore;
				SDKROOT = iphoneos;
				SKIP_INSTALL = YES;
				TARGETED_DEVICE_FAMILY = "1,2";
				VERSIONING_SYSTEM = "apple-generic";
			};
			name = Debug;
		};
		B9C51698B436552FB55F5521 /* Debug */ = {
			isa = XCBuildConfiguration;
			buildSettings = {
				ALWAYS_SEARCH_USER_PATHS = NO;
				CLANG_ANALYZER_NONNULL = YES;
				CLANG_ANALYZER_NUMBER_OBJECT_CONVERSION = YES_AGGRESSIVE;
				CLANG_CXX_LANGUAGE_STANDARD = "gnu++14";
				CLANG_CXX_LIBRARY = "libc++";
				CLANG_ENABLE_MODULES = YES;
				CLANG_ENABLE_OBJC_ARC = YES;
				CLANG_ENABLE_OBJC_WEAK = YES;
				CLANG_WARN_BLOCK_CAPTURE_AUTORELEASING = YES;
				CLANG_WARN_BOOL_CONVERSION = YES;
				CLANG_WARN_COMMA = YES;
				CLANG_WARN_CONSTANT_CONVERSION = YES;
				CLANG_WARN_DEPRECATED_OBJC_IMPLEMENTATIONS = YES;
				CLANG_WARN_DIRECT_OBJC_ISA_USAGE = YES_ERROR;
				CLANG_WARN_DOCUMENTATION_COMMENTS = YES;
				CLANG_WARN_EMPTY_BODY = YES;
				CLANG_WARN_ENUM_CONVERSION = YES;
				CLANG_WARN_INFINITE_RECURSION = YES;
				CLANG_WARN_INT_CONVERSION = YES;
				CLANG_WARN_NON_LITERAL_NULL_CONVERSION = YES;
				CLANG_WARN_OBJC_IMPLICIT_RETAIN_SELF = YES;
				CLANG_WARN_OBJC_LITERAL_CONVERSION = YES;
				CLANG_WARN_OBJC_ROOT_CLASS = YES_ERROR;
				CLANG_WARN_QUOTED_INCLUDE_IN_FRAMEWORK_HEADER = YES;
				CLANG_WARN_RANGE_LOOP_ANALYSIS = YES;
				CLANG_WARN_STRICT_PROTOTYPES = YES;
				CLANG_WARN_SUSPICIOUS_MOVE = YES;
				CLANG_WARN_UNGUARDED_AVAILABILITY = YES_AGGRESSIVE;
				CLANG_WARN_UNREACHABLE_CODE = YES;
				CLANG_WARN__DUPLICATE_METHOD_MATCH = YES;
				CODE_SIGN_STYLE = Automatic;
				COPY_PHASE_STRIP = NO;
				CURRENT_PROJECT_VERSION = 1;
				DEBUG_INFORMATION_FORMAT = dwarf;
				DEVELOPMENT_TEAM = R57F7J777H;
				ENABLE_STRICT_OBJC_MSGSEND = YES;
				ENABLE_TESTABILITY = YES;
				GCC_C_LANGUAGE_STANDARD = gnu11;
				GCC_DYNAMIC_NO_PIC = NO;
				GCC_NO_COMMON_BLOCKS = YES;
				GCC_OPTIMIZATION_LEVEL = 0;
				GCC_PREPROCESSOR_DEFINITIONS = (
					"$(inherited)",
					"DEBUG=1",
				);
				GCC_WARN_64_TO_32_BIT_CONVERSION = YES;
				GCC_WARN_ABOUT_RETURN_TYPE = YES_ERROR;
				GCC_WARN_UNDECLARED_SELECTOR = YES;
				GCC_WARN_UNINITIALIZED_AUTOS = YES_AGGRESSIVE;
				GCC_WARN_UNUSED_FUNCTION = YES;
				GCC_WARN_UNUSED_VARIABLE = YES;
				GENERATE_INFOPLIST_FILE = YES;
				IPHONEOS_DEPLOYMENT_TARGET = 17.0;
				MARKETING_VERSION = 0.1.0;
				MTL_ENABLE_DEBUG_INFO = INCLUDE_SOURCE;
				MTL_FAST_MATH = YES;
				ONLY_ACTIVE_ARCH = YES;
				PRODUCT_NAME = "$(TARGET_NAME)";
				SDKROOT = iphoneos;
				SWIFT_ACTIVE_COMPILATION_CONDITIONS = DEBUG;
				SWIFT_OPTIMIZATION_LEVEL = "-Onone";
				SWIFT_VERSION = 6.0;
			};
			name = Debug;
		};
		D395DC110DF146521C270768 /* Debug */ = {
			isa = XCBuildConfiguration;
			buildSettings = {
				BUNDLE_LOADER = "$(TEST_HOST)";
				LD_RUNPATH_SEARCH_PATHS = (
					"$(inherited)",
					"@executable_path/Frameworks",
					"@loader_path/Frameworks",
				);
				PRODUCT_BUNDLE_IDENTIFIER = com.dengos.CoffeeJournalCoreTests;
				SDKROOT = iphoneos;
				TARGETED_DEVICE_FAMILY = "1,2";
			};
			name = Debug;
		};
/* End XCBuildConfiguration section */

/* Begin XCConfigurationList section */
		61985AE7F2FBEEF5C0B998A4 /* Build configuration list for PBXProject "CoffeeTasteJournal" */ = {
			isa = XCConfigurationList;
			buildConfigurations = (
				B9C51698B436552FB55F5521 /* Debug */,
				839F70B8D431EC3CFEF0F8CA /* Release */,
			);
			defaultConfigurationIsVisible = 0;
			defaultConfigurationName = Debug;
		};
		711AA95706DAEC0D04684207 /* Build configuration list for PBXNativeTarget "CoffeeJournalApp" */ = {
			isa = XCConfigurationList;
			buildConfigurations = (
				5BB8D5AEE43AF1E78FE35869 /* Debug */,
				8C3772ECEAB26507A6EA8AB9 /* Release */,
			);
			defaultConfigurationIsVisible = 0;
			defaultConfigurationName = Debug;
		};
		7DE52303B7A7C90430FEF257 /* Build configuration list for PBXNativeTarget "CoffeeJournalCoreTests" */ = {
			isa = XCConfigurationList;
			buildConfigurations = (
				D395DC110DF146521C270768 /* Debug */,
				34C689E96AE56A2DDE8F81A3 /* Release */,
			);
			defaultConfigurationIsVisible = 0;
			defaultConfigurationName = Debug;
		};
		8BDA89BC8DDF4079484945B8 /* Build configuration list for PBXNativeTarget "CoffeeJournalAppTests" */ = {
			isa = XCConfigurationList;
			buildConfigurations = (
				351436869A52B58B29E3C948 /* Debug */,
				03661F23607CD582E7D7E355 /* Release */,
			);
			defaultConfigurationIsVisible = 0;
			defaultConfigurationName = Debug;
		};
		C89BBE05BAE0646C10446322 /* Build configuration list for PBXNativeTarget "CoffeeJournalCore" */ = {
			isa = XCConfigurationList;
			buildConfigurations = (
				8C68E12BA734CD1901F21781 /* Debug */,
				7A3C68433657DB6C76F8BC3C /* Release */,
			);
			defaultConfigurationIsVisible = 0;
			defaultConfigurationName = Debug;
		};
/* End XCConfigurationList section */
	};
	rootObject = A0EF2DDF987EDDA1E14C6297 /* Project object */;
}
